
Microsoft Visual Studio Solution File, Format Version 12.00
# Visual Studio 15
VisualStudioVersion = 15.0.28307.572
MinimumVisualStudioVersion = 10.0.40219.1
Project("{FAE04EC0-301F-11D3-BF4B-00C04F79EFBC}") = "wildlings_backend", "wildlings_backend\wildlings_backend.csproj", "{6E55C7A2-35C7-43DC-87CD-038904A8344C}"
EndProject
Global
	GlobalSection(SolutionConfigurationPlatforms) = preSolution
		Debug|Any CPU = Debug|Any CPU
		Release|Any CPU = Release|Any CPU
	EndGlobalSection
	GlobalSection(ProjectConfigurationPlatforms) = postSolution
		{6E55C7A2-35C7-43DC-87CD-038904A8344C}.Debug|Any CPU.ActiveCfg = Debug|Any CPU
		{6E55C7A2-35C7-43DC-87CD-038904A8344C}.Debug|Any CPU.Build.0 = Debug|Any CPU
		{6E55C7A2-35C7-43DC-87CD-038904A8344C}.Release|Any CPU.ActiveCfg = Release|Any CPU
		{6E55C7A2-35C7-43DC-87CD-038904A8344C}.Release|Any CPU.Build.0 = Release|Any CPU
	EndGlobalSection
	GlobalSection(SolutionProperties) = preSolution
		HideSolutionNode = FALSE
	EndGlobalSection
	GlobalSection(ExtensibilityGlobals) = postSolution
		SolutionGuid = {EA19BF50-CBA9-4EE9-BBDB-5BAAC3D88DDE}
	EndGlobalSection
EndGlobal
